// !$*UTF8*$!
{
	archiveVersion = 1;
	classes = {
	};
	objectVersion = 48;
	objects = {

/* Begin PBXBuildFile section */
		4621AB4F21B1B71B00E38022 /* ContactTests.swift in Sources */ = {isa = PBXBuildFile; fileRef = 4621AB4E21B1B71B00E38022 /* ContactTests.swift */; };
		4621AB5121B1BB0900E38022 /* DatapointTests.swift in Sources */ = {isa = PBXBuildFile; fileRef = 4621AB5021B1BB0800E38022 /* DatapointTests.swift */; };
		464B8DBC2195B5EB0024ECB2 /* HomeViewControllerTests.swift in Sources */ = {isa = PBXBuildFile; fileRef = 464B8DBB2195B5EB0024ECB2 /* HomeViewControllerTests.swift */; };
		464B8DBE2195BEA00024ECB2 /* EntryViewControllerTests.swift in Sources */ = {isa = PBXBuildFile; fileRef = 464B8DBD2195BEA00024ECB2 /* EntryViewControllerTests.swift */; };
		464B8DC02195C1C60024ECB2 /* LogViewControllerTests.swift in Sources */ = {isa = PBXBuildFile; fileRef = 464B8DBF2195C1C60024ECB2 /* LogViewControllerTests.swift */; };
		464B8DC42195C2FB0024ECB2 /* FocusSupportViewControllerTests.swift in Sources */ = {isa = PBXBuildFile; fileRef = 464B8DC32195C2FB0024ECB2 /* FocusSupportViewControllerTests.swift */; };
		464B8DC62195C3780024ECB2 /* TrackButtonsViewControllerTests.swift in Sources */ = {isa = PBXBuildFile; fileRef = 464B8DC52195C3780024ECB2 /* TrackButtonsViewControllerTests.swift */; };
		464B8DCA2195E9DB0024ECB2 /* EntryTests.swift in Sources */ = {isa = PBXBuildFile; fileRef = 464B8DC92195E9DB0024ECB2 /* EntryTests.swift */; };
		46D3D9C721AB9F300021528E /* DemoViewController.swift in Sources */ = {isa = PBXBuildFile; fileRef = 46D3D9C621AB9F300021528E /* DemoViewController.swift */; };
		46D3D9C921ABA4240021528E /* DemoViewClass.swift in Sources */ = {isa = PBXBuildFile; fileRef = 46D3D9C821ABA4240021528E /* DemoViewClass.swift */; };
		46D3D9CD21AC81D20021528E /* Images.swift in Sources */ = {isa = PBXBuildFile; fileRef = 46D3D9CC21AC81D20021528E /* Images.swift */; };
		86B5AAA9C4D5AA39DA21D9A1 /* Pods_Lighthouse.framework in Frameworks */ = {isa = PBXBuildFile; fileRef = 1FB5774F9D0BBE6C68AF093D /* Pods_Lighthouse.framework */; };
		C83E90B1435ACFC49117395D /* Pods_LighthouseUITests.framework in Frameworks */ = {isa = PBXBuildFile; fileRef = 06BAA73602DC91782C37D3EF /* Pods_LighthouseUITests.framework */; };
		F202CA762187DEAE00A2490F /* AppDelegate.swift in Sources */ = {isa = PBXBuildFile; fileRef = F202CA752187DEAE00A2490F /* AppDelegate.swift */; };
		F202CA782187DEAE00A2490F /* HomeViewController.swift in Sources */ = {isa = PBXBuildFile; fileRef = F202CA772187DEAE00A2490F /* HomeViewController.swift */; };
		F202CA7B2187DEAE00A2490F /* Main.storyboard in Resources */ = {isa = PBXBuildFile; fileRef = F202CA792187DEAE00A2490F /* Main.storyboard */; };
		F202CA7E2187DEAE00A2490F /* Lighthouse.xcdatamodeld in Sources */ = {isa = PBXBuildFile; fileRef = F202CA7C2187DEAE00A2490F /* Lighthouse.xcdatamodeld */; };
		F202CA802187DEAE00A2490F /* Assets.xcassets in Resources */ = {isa = PBXBuildFile; fileRef = F202CA7F2187DEAE00A2490F /* Assets.xcassets */; };
		F202CA832187DEAE00A2490F /* LaunchScreen.storyboard in Resources */ = {isa = PBXBuildFile; fileRef = F202CA812187DEAE00A2490F /* LaunchScreen.storyboard */; };
		F202CA8E2187DEAE00A2490F /* LighthouseTests.swift in Sources */ = {isa = PBXBuildFile; fileRef = F202CA8D2187DEAE00A2490F /* LighthouseTests.swift */; };
		F202CA992187DEAE00A2490F /* LighthouseUITests.swift in Sources */ = {isa = PBXBuildFile; fileRef = F202CA982187DEAE00A2490F /* LighthouseUITests.swift */; };
		F24086C02194EC80007991A1 /* LogListTableViewController.swift in Sources */ = {isa = PBXBuildFile; fileRef = F24086BF2194EC80007991A1 /* LogListTableViewController.swift */; };
		F24086C32194ED81007991A1 /* LogListViewCell.swift in Sources */ = {isa = PBXBuildFile; fileRef = F24086C12194ED81007991A1 /* LogListViewCell.swift */; };
		F24086C42194ED81007991A1 /* LogListViewCell.xib in Resources */ = {isa = PBXBuildFile; fileRef = F24086C22194ED81007991A1 /* LogListViewCell.xib */; };
		F2741B6E21ADA5ED0022DB24 /* SupportViewController.swift in Sources */ = {isa = PBXBuildFile; fileRef = F2741B6D21ADA5ED0022DB24 /* SupportViewController.swift */; };
		F2741B7121ADE4EA0022DB24 /* ContactViewController.swift in Sources */ = {isa = PBXBuildFile; fileRef = F2741B7021ADE4EA0022DB24 /* ContactViewController.swift */; };
		F2741B7721AE628E0022DB24 /* Contact.swift in Sources */ = {isa = PBXBuildFile; fileRef = F2741B7621AE628E0022DB24 /* Contact.swift */; };
		F2741B7921AF348E0022DB24 /* StatsPageViewController.swift in Sources */ = {isa = PBXBuildFile; fileRef = F2741B7821AF348E0022DB24 /* StatsPageViewController.swift */; };
		F2741B7C21AF4D480022DB24 /* MonthGraphViewController.swift in Sources */ = {isa = PBXBuildFile; fileRef = F2741B7B21AF4D480022DB24 /* MonthGraphViewController.swift */; };
		F2741B7E21AF4D620022DB24 /* DurationGraphViewController.swift in Sources */ = {isa = PBXBuildFile; fileRef = F2741B7D21AF4D620022DB24 /* DurationGraphViewController.swift */; };
		F2741B8021AF4D710022DB24 /* StartTimeGraphViewController.swift in Sources */ = {isa = PBXBuildFile; fileRef = F2741B7F21AF4D710022DB24 /* StartTimeGraphViewController.swift */; };
		F2741B8221AF4D8B0022DB24 /* LocationMapViewController.swift in Sources */ = {isa = PBXBuildFile; fileRef = F2741B8121AF4D8B0022DB24 /* LocationMapViewController.swift */; };
		F29DE7A4218CF03800F16F5A /* FocusSupportViewController.swift in Sources */ = {isa = PBXBuildFile; fileRef = F29DE7A3218CF03800F16F5A /* FocusSupportViewController.swift */; };
		F29DE7A6218CF0C000F16F5A /* TrackButtonsViewController.swift in Sources */ = {isa = PBXBuildFile; fileRef = F29DE7A5218CF0C000F16F5A /* TrackButtonsViewController.swift */; };
		F29DE7AB218CF2A000F16F5A /* LogViewController.swift in Sources */ = {isa = PBXBuildFile; fileRef = F29DE7AA218CF2A000F16F5A /* LogViewController.swift */; };
		F29DE7AF218CF2DE00F16F5A /* EntryViewController.swift in Sources */ = {isa = PBXBuildFile; fileRef = F29DE7AE218CF2DE00F16F5A /* EntryViewController.swift */; };
		F29DE7B6218E502000F16F5A /* Entry.swift in Sources */ = {isa = PBXBuildFile; fileRef = F29DE7B5218E502000F16F5A /* Entry.swift */; };
		F29DE7BA218E904400F16F5A /* Location.swift in Sources */ = {isa = PBXBuildFile; fileRef = F29DE7B9218E904400F16F5A /* Location.swift */; };
		F2BC848E21AC74C200F05B97 /* Datapoint.swift in Sources */ = {isa = PBXBuildFile; fileRef = F2BC848D21AC74C200F05B97 /* Datapoint.swift */; };
		F68969AF0EB88C545A9A33E9 /* Pods_LighthouseTests.framework in Frameworks */ = {isa = PBXBuildFile; fileRef = C222F6BD1C7A6D12CC9F3F4B /* Pods_LighthouseTests.framework */; };
/* End PBXBuildFile section */

/* Begin PBXContainerItemProxy section */
		F202CA8A2187DEAE00A2490F /* PBXContainerItemProxy */ = {
			isa = PBXContainerItemProxy;
			containerPortal = F202CA6A2187DEAE00A2490F /* Project object */;
			proxyType = 1;
			remoteGlobalIDString = F202CA712187DEAE00A2490F;
			remoteInfo = Lighthouse;
		};
		F202CA952187DEAE00A2490F /* PBXContainerItemProxy */ = {
			isa = PBXContainerItemProxy;
			containerPortal = F202CA6A2187DEAE00A2490F /* Project object */;
			proxyType = 1;
			remoteGlobalIDString = F202CA712187DEAE00A2490F;
			remoteInfo = Lighthouse;
		};
/* End PBXContainerItemProxy section */

/* Begin PBXFileReference section */
		06BAA73602DC91782C37D3EF /* Pods_LighthouseUITests.framework */ = {isa = PBXFileReference; explicitFileType = wrapper.framework; includeInIndex = 0; path = Pods_LighthouseUITests.framework; sourceTree = BUILT_PRODUCTS_DIR; };
		1FB0DB51DCEE681638DAA0D7 /* Pods-LighthouseTests.debug.xcconfig */ = {isa = PBXFileReference; includeInIndex = 1; lastKnownFileType = text.xcconfig; name = "Pods-LighthouseTests.debug.xcconfig"; path = "Pods/Target Support Files/Pods-LighthouseTests/Pods-LighthouseTests.debug.xcconfig"; sourceTree = "<group>"; };
		1FB5774F9D0BBE6C68AF093D /* Pods_Lighthouse.framework */ = {isa = PBXFileReference; explicitFileType = wrapper.framework; includeInIndex = 0; path = Pods_Lighthouse.framework; sourceTree = BUILT_PRODUCTS_DIR; };
		4621AB4E21B1B71B00E38022 /* ContactTests.swift */ = {isa = PBXFileReference; lastKnownFileType = sourcecode.swift; path = ContactTests.swift; sourceTree = "<group>"; };
		4621AB5021B1BB0800E38022 /* DatapointTests.swift */ = {isa = PBXFileReference; lastKnownFileType = sourcecode.swift; path = DatapointTests.swift; sourceTree = "<group>"; };
		464B8DBB2195B5EB0024ECB2 /* HomeViewControllerTests.swift */ = {isa = PBXFileReference; lastKnownFileType = sourcecode.swift; path = HomeViewControllerTests.swift; sourceTree = "<group>"; };
		464B8DBD2195BEA00024ECB2 /* EntryViewControllerTests.swift */ = {isa = PBXFileReference; lastKnownFileType = sourcecode.swift; path = EntryViewControllerTests.swift; sourceTree = "<group>"; };
		464B8DBF2195C1C60024ECB2 /* LogViewControllerTests.swift */ = {isa = PBXFileReference; lastKnownFileType = sourcecode.swift; path = LogViewControllerTests.swift; sourceTree = "<group>"; };
		464B8DC32195C2FB0024ECB2 /* FocusSupportViewControllerTests.swift */ = {isa = PBXFileReference; lastKnownFileType = sourcecode.swift; path = FocusSupportViewControllerTests.swift; sourceTree = "<group>"; };
		464B8DC52195C3780024ECB2 /* TrackButtonsViewControllerTests.swift */ = {isa = PBXFileReference; lastKnownFileType = sourcecode.swift; path = TrackButtonsViewControllerTests.swift; sourceTree = "<group>"; };
		464B8DC92195E9DB0024ECB2 /* EntryTests.swift */ = {isa = PBXFileReference; lastKnownFileType = sourcecode.swift; path = EntryTests.swift; sourceTree = "<group>"; };
		46D3D9C621AB9F300021528E /* DemoViewController.swift */ = {isa = PBXFileReference; lastKnownFileType = sourcecode.swift; path = DemoViewController.swift; sourceTree = "<group>"; };
		46D3D9C821ABA4240021528E /* DemoViewClass.swift */ = {isa = PBXFileReference; lastKnownFileType = sourcecode.swift; path = DemoViewClass.swift; sourceTree = "<group>"; };
		46D3D9CC21AC81D20021528E /* Images.swift */ = {isa = PBXFileReference; lastKnownFileType = sourcecode.swift; path = Images.swift; sourceTree = "<group>"; };
		46D3D9CF21AC83000021528E /* Nunito-Light.ttf */ = {isa = PBXFileReference; lastKnownFileType = file; name = "Nunito-Light.ttf"; path = "../../../paper-onboarding-master/PaperOnboardingDemo/Fonts/Nunito-Light.ttf"; sourceTree = "<group>"; };
		46D3D9D021AC83000021528E /* Nunito-Regular.ttf */ = {isa = PBXFileReference; lastKnownFileType = file; name = "Nunito-Regular.ttf"; path = "../../../paper-onboarding-master/PaperOnboardingDemo/Fonts/Nunito-Regular.ttf"; sourceTree = "<group>"; };
		46D3D9D121AC83000021528E /* OpenSans-Regular.ttf */ = {isa = PBXFileReference; lastKnownFileType = file; name = "OpenSans-Regular.ttf"; path = "../../../paper-onboarding-master/PaperOnboardingDemo/Fonts/OpenSans-Regular.ttf"; sourceTree = "<group>"; };
		46D3D9D221AC83000021528E /* Nunito-Bold.ttf */ = {isa = PBXFileReference; lastKnownFileType = file; name = "Nunito-Bold.ttf"; path = "../../../paper-onboarding-master/PaperOnboardingDemo/Fonts/Nunito-Bold.ttf"; sourceTree = "<group>"; };
		58BF41C51CBD3E549A66E40C /* Pods-LighthouseUITests.release.xcconfig */ = {isa = PBXFileReference; includeInIndex = 1; lastKnownFileType = text.xcconfig; name = "Pods-LighthouseUITests.release.xcconfig"; path = "Pods/Target Support Files/Pods-LighthouseUITests/Pods-LighthouseUITests.release.xcconfig"; sourceTree = "<group>"; };
		7AA4C3E55A22A4E79ABA0394 /* Pods-LighthouseTests.release.xcconfig */ = {isa = PBXFileReference; includeInIndex = 1; lastKnownFileType = text.xcconfig; name = "Pods-LighthouseTests.release.xcconfig"; path = "Pods/Target Support Files/Pods-LighthouseTests/Pods-LighthouseTests.release.xcconfig"; sourceTree = "<group>"; };
		7F2E53740985B435EBAF78FA /* Pods-Lighthouse.debug.xcconfig */ = {isa = PBXFileReference; includeInIndex = 1; lastKnownFileType = text.xcconfig; name = "Pods-Lighthouse.debug.xcconfig"; path = "Pods/Target Support Files/Pods-Lighthouse/Pods-Lighthouse.debug.xcconfig"; sourceTree = "<group>"; };
		84373DC6A91CB038BBBD5614 /* Pods-LighthouseUITests.debug.xcconfig */ = {isa = PBXFileReference; includeInIndex = 1; lastKnownFileType = text.xcconfig; name = "Pods-LighthouseUITests.debug.xcconfig"; path = "Pods/Target Support Files/Pods-LighthouseUITests/Pods-LighthouseUITests.debug.xcconfig"; sourceTree = "<group>"; };
		B59E99E4F9069DCFB3F29DE0 /* Pods-Lighthouse.release.xcconfig */ = {isa = PBXFileReference; includeInIndex = 1; lastKnownFileType = text.xcconfig; name = "Pods-Lighthouse.release.xcconfig"; path = "Pods/Target Support Files/Pods-Lighthouse/Pods-Lighthouse.release.xcconfig"; sourceTree = "<group>"; };
		C222F6BD1C7A6D12CC9F3F4B /* Pods_LighthouseTests.framework */ = {isa = PBXFileReference; explicitFileType = wrapper.framework; includeInIndex = 0; path = Pods_LighthouseTests.framework; sourceTree = BUILT_PRODUCTS_DIR; };
		F202CA722187DEAE00A2490F /* Lighthouse.app */ = {isa = PBXFileReference; explicitFileType = wrapper.application; includeInIndex = 0; path = Lighthouse.app; sourceTree = BUILT_PRODUCTS_DIR; };
		F202CA752187DEAE00A2490F /* AppDelegate.swift */ = {isa = PBXFileReference; lastKnownFileType = sourcecode.swift; path = AppDelegate.swift; sourceTree = "<group>"; };
		F202CA772187DEAE00A2490F /* HomeViewController.swift */ = {isa = PBXFileReference; lastKnownFileType = sourcecode.swift; path = HomeViewController.swift; sourceTree = "<group>"; };
		F202CA7A2187DEAE00A2490F /* Base */ = {isa = PBXFileReference; lastKnownFileType = file.storyboard; name = Base; path = Base.lproj/Main.storyboard; sourceTree = "<group>"; };
		F202CA7D2187DEAE00A2490F /* Lighthouse.xcdatamodel */ = {isa = PBXFileReference; lastKnownFileType = wrapper.xcdatamodel; path = Lighthouse.xcdatamodel; sourceTree = "<group>"; };
		F202CA7F2187DEAE00A2490F /* Assets.xcassets */ = {isa = PBXFileReference; lastKnownFileType = folder.assetcatalog; path = Assets.xcassets; sourceTree = "<group>"; };
		F202CA822187DEAE00A2490F /* Base */ = {isa = PBXFileReference; lastKnownFileType = file.storyboard; name = Base; path = Base.lproj/LaunchScreen.storyboard; sourceTree = "<group>"; };
		F202CA842187DEAE00A2490F /* Info.plist */ = {isa = PBXFileReference; lastKnownFileType = text.plist.xml; path = Info.plist; sourceTree = "<group>"; };
		F202CA892187DEAE00A2490F /* LighthouseTests.xctest */ = {isa = PBXFileReference; explicitFileType = wrapper.cfbundle; includeInIndex = 0; path = LighthouseTests.xctest; sourceTree = BUILT_PRODUCTS_DIR; };
		F202CA8D2187DEAE00A2490F /* LighthouseTests.swift */ = {isa = PBXFileReference; lastKnownFileType = sourcecode.swift; path = LighthouseTests.swift; sourceTree = "<group>"; };
		F202CA8F2187DEAE00A2490F /* Info.plist */ = {isa = PBXFileReference; lastKnownFileType = text.plist.xml; path = Info.plist; sourceTree = "<group>"; };
		F202CA942187DEAE00A2490F /* LighthouseUITests.xctest */ = {isa = PBXFileReference; explicitFileType = wrapper.cfbundle; includeInIndex = 0; path = LighthouseUITests.xctest; sourceTree = BUILT_PRODUCTS_DIR; };
		F202CA982187DEAE00A2490F /* LighthouseUITests.swift */ = {isa = PBXFileReference; lastKnownFileType = sourcecode.swift; path = LighthouseUITests.swift; sourceTree = "<group>"; };
		F202CA9A2187DEAE00A2490F /* Info.plist */ = {isa = PBXFileReference; lastKnownFileType = text.plist.xml; path = Info.plist; sourceTree = "<group>"; };
		F24086BF2194EC80007991A1 /* LogListTableViewController.swift */ = {isa = PBXFileReference; lastKnownFileType = sourcecode.swift; path = LogListTableViewController.swift; sourceTree = "<group>"; };
		F24086C12194ED81007991A1 /* LogListViewCell.swift */ = {isa = PBXFileReference; lastKnownFileType = sourcecode.swift; path = LogListViewCell.swift; sourceTree = "<group>"; };
		F24086C22194ED81007991A1 /* LogListViewCell.xib */ = {isa = PBXFileReference; lastKnownFileType = file.xib; path = LogListViewCell.xib; sourceTree = "<group>"; };
		F2741B6D21ADA5ED0022DB24 /* SupportViewController.swift */ = {isa = PBXFileReference; lastKnownFileType = sourcecode.swift; path = SupportViewController.swift; sourceTree = "<group>"; };
		F2741B7021ADE4EA0022DB24 /* ContactViewController.swift */ = {isa = PBXFileReference; lastKnownFileType = sourcecode.swift; path = ContactViewController.swift; sourceTree = "<group>"; };
		F2741B7621AE628E0022DB24 /* Contact.swift */ = {isa = PBXFileReference; lastKnownFileType = sourcecode.swift; path = Contact.swift; sourceTree = "<group>"; };
		F2741B7821AF348E0022DB24 /* StatsPageViewController.swift */ = {isa = PBXFileReference; lastKnownFileType = sourcecode.swift; path = StatsPageViewController.swift; sourceTree = "<group>"; };
		F2741B7B21AF4D480022DB24 /* MonthGraphViewController.swift */ = {isa = PBXFileReference; lastKnownFileType = sourcecode.swift; path = MonthGraphViewController.swift; sourceTree = "<group>"; };
		F2741B7D21AF4D620022DB24 /* DurationGraphViewController.swift */ = {isa = PBXFileReference; lastKnownFileType = sourcecode.swift; path = DurationGraphViewController.swift; sourceTree = "<group>"; };
		F2741B7F21AF4D710022DB24 /* StartTimeGraphViewController.swift */ = {isa = PBXFileReference; lastKnownFileType = sourcecode.swift; path = StartTimeGraphViewController.swift; sourceTree = "<group>"; };
		F2741B8121AF4D8B0022DB24 /* LocationMapViewController.swift */ = {isa = PBXFileReference; lastKnownFileType = sourcecode.swift; path = LocationMapViewController.swift; sourceTree = "<group>"; };
		F29DE7A3218CF03800F16F5A /* FocusSupportViewController.swift */ = {isa = PBXFileReference; lastKnownFileType = sourcecode.swift; path = FocusSupportViewController.swift; sourceTree = "<group>"; };
		F29DE7A5218CF0C000F16F5A /* TrackButtonsViewController.swift */ = {isa = PBXFileReference; lastKnownFileType = sourcecode.swift; path = TrackButtonsViewController.swift; sourceTree = "<group>"; };
		F29DE7AA218CF2A000F16F5A /* LogViewController.swift */ = {isa = PBXFileReference; lastKnownFileType = sourcecode.swift; path = LogViewController.swift; sourceTree = "<group>"; };
		F29DE7AE218CF2DE00F16F5A /* EntryViewController.swift */ = {isa = PBXFileReference; lastKnownFileType = sourcecode.swift; path = EntryViewController.swift; sourceTree = "<group>"; };
		F29DE7B5218E502000F16F5A /* Entry.swift */ = {isa = PBXFileReference; lastKnownFileType = sourcecode.swift; path = Entry.swift; sourceTree = "<group>"; };
		F29DE7B9218E904400F16F5A /* Location.swift */ = {isa = PBXFileReference; fileEncoding = 4; lastKnownFileType = sourcecode.swift; path = Location.swift; sourceTree = "<group>"; };
		F2BC848D21AC74C200F05B97 /* Datapoint.swift */ = {isa = PBXFileReference; lastKnownFileType = sourcecode.swift; path = Datapoint.swift; sourceTree = "<group>"; };
/* End PBXFileReference section */

/* Begin PBXFrameworksBuildPhase section */
		F202CA6F2187DEAE00A2490F /* Frameworks */ = {
			isa = PBXFrameworksBuildPhase;
			buildActionMask = 2147483647;
			files = (
				86B5AAA9C4D5AA39DA21D9A1 /* Pods_Lighthouse.framework in Frameworks */,
			);
			runOnlyForDeploymentPostprocessing = 0;
		};
		F202CA862187DEAE00A2490F /* Frameworks */ = {
			isa = PBXFrameworksBuildPhase;
			buildActionMask = 2147483647;
			files = (
				F68969AF0EB88C545A9A33E9 /* Pods_LighthouseTests.framework in Frameworks */,
			);
			runOnlyForDeploymentPostprocessing = 0;
		};
		F202CA912187DEAE00A2490F /* Frameworks */ = {
			isa = PBXFrameworksBuildPhase;
			buildActionMask = 2147483647;
			files = (
				C83E90B1435ACFC49117395D /* Pods_LighthouseUITests.framework in Frameworks */,
			);
			runOnlyForDeploymentPostprocessing = 0;
		};
/* End PBXFrameworksBuildPhase section */

/* Begin PBXGroup section */
		46D3D9CB21AC81A60021528E /* images */ = {
			isa = PBXGroup;
			children = (
				46D3D9CC21AC81D20021528E /* Images.swift */,
			);
			path = images;
			sourceTree = "<group>";
		};
		46D3D9CE21AC82DE0021528E /* fonts */ = {
			isa = PBXGroup;
			children = (
				46D3D9D221AC83000021528E /* Nunito-Bold.ttf */,
				46D3D9CF21AC83000021528E /* Nunito-Light.ttf */,
				46D3D9D021AC83000021528E /* Nunito-Regular.ttf */,
				46D3D9D121AC83000021528E /* OpenSans-Regular.ttf */,
			);
			path = fonts;
			sourceTree = "<group>";
		};
		4FB01368ABDA8E0418AC9F6E /* Frameworks */ = {
			isa = PBXGroup;
			children = (
				1FB5774F9D0BBE6C68AF093D /* Pods_Lighthouse.framework */,
				C222F6BD1C7A6D12CC9F3F4B /* Pods_LighthouseTests.framework */,
				06BAA73602DC91782C37D3EF /* Pods_LighthouseUITests.framework */,
			);
			name = Frameworks;
			sourceTree = "<group>";
		};
		E3E65852DDBCD33AAFF435CC /* Pods */ = {
			isa = PBXGroup;
			children = (
				7F2E53740985B435EBAF78FA /* Pods-Lighthouse.debug.xcconfig */,
				B59E99E4F9069DCFB3F29DE0 /* Pods-Lighthouse.release.xcconfig */,
				1FB0DB51DCEE681638DAA0D7 /* Pods-LighthouseTests.debug.xcconfig */,
				7AA4C3E55A22A4E79ABA0394 /* Pods-LighthouseTests.release.xcconfig */,
				84373DC6A91CB038BBBD5614 /* Pods-LighthouseUITests.debug.xcconfig */,
				58BF41C51CBD3E549A66E40C /* Pods-LighthouseUITests.release.xcconfig */,
			);
			name = Pods;
			sourceTree = "<group>";
		};
		F202CA692187DEAE00A2490F = {
			isa = PBXGroup;
			children = (
				F202CA742187DEAE00A2490F /* Lighthouse */,
				F202CA8C2187DEAE00A2490F /* LighthouseTests */,
				F202CA972187DEAE00A2490F /* LighthouseUITests */,
				F202CA732187DEAE00A2490F /* Products */,
				E3E65852DDBCD33AAFF435CC /* Pods */,
				4FB01368ABDA8E0418AC9F6E /* Frameworks */,
			);
			sourceTree = "<group>";
		};
		F202CA732187DEAE00A2490F /* Products */ = {
			isa = PBXGroup;
			children = (
				F202CA722187DEAE00A2490F /* Lighthouse.app */,
				F202CA892187DEAE00A2490F /* LighthouseTests.xctest */,
				F202CA942187DEAE00A2490F /* LighthouseUITests.xctest */,
			);
			name = Products;
			sourceTree = "<group>";
		};
		F202CA742187DEAE00A2490F /* Lighthouse */ = {
			isa = PBXGroup;
			children = (
				46D3D9CE21AC82DE0021528E /* fonts */,
				46D3D9CB21AC81A60021528E /* images */,
				F202CA842187DEAE00A2490F /* Info.plist */,
				F24086BE2194E98C007991A1 /* App Delegate */,
				F24086BD2194E981007991A1 /* Assets and Storage */,
				F24086BC2194E968007991A1 /* Home Controller */,
				F24086BB2194E953007991A1 /* Views */,
				F29DE7B4218E4FF100F16F5A /* Models */,
				F29DE79F218CEF6D00F16F5A /* Attack Controllers */,
				F2741B6F21ADE4B50022DB24 /* Contact Controllers */,
				F29DE7A9218CF28100F16F5A /* Log Controllers */,
				46D3D9C621AB9F300021528E /* DemoViewController.swift */,
			);
			path = Lighthouse;
			sourceTree = "<group>";
		};
		F202CA8C2187DEAE00A2490F /* LighthouseTests */ = {
			isa = PBXGroup;
			children = (
				F202CA8D2187DEAE00A2490F /* LighthouseTests.swift */,
				464B8DBB2195B5EB0024ECB2 /* HomeViewControllerTests.swift */,
				464B8DC32195C2FB0024ECB2 /* FocusSupportViewControllerTests.swift */,
				464B8DC92195E9DB0024ECB2 /* EntryTests.swift */,
				4621AB5021B1BB0800E38022 /* DatapointTests.swift */,
				464B8DC52195C3780024ECB2 /* TrackButtonsViewControllerTests.swift */,
				4621AB4E21B1B71B00E38022 /* ContactTests.swift */,
				464B8DBF2195C1C60024ECB2 /* LogViewControllerTests.swift */,
				464B8DBD2195BEA00024ECB2 /* EntryViewControllerTests.swift */,
				F202CA8F2187DEAE00A2490F /* Info.plist */,
			);
			path = LighthouseTests;
			sourceTree = "<group>";
		};
		F202CA972187DEAE00A2490F /* LighthouseUITests */ = {
			isa = PBXGroup;
			children = (
				F202CA982187DEAE00A2490F /* LighthouseUITests.swift */,
				F202CA9A2187DEAE00A2490F /* Info.plist */,
			);
			path = LighthouseUITests;
			sourceTree = "<group>";
		};
		F24086BB2194E953007991A1 /* Views */ = {
			isa = PBXGroup;
			children = (
				F202CA792187DEAE00A2490F /* Main.storyboard */,
				F24086C22194ED81007991A1 /* LogListViewCell.xib */,
				F24086C12194ED81007991A1 /* LogListViewCell.swift */,
				46D3D9C821ABA4240021528E /* DemoViewClass.swift */,
				F202CA812187DEAE00A2490F /* LaunchScreen.storyboard */,
			);
			path = Views;
			sourceTree = "<group>";
		};
		F24086BC2194E968007991A1 /* Home Controller */ = {
			isa = PBXGroup;
			children = (
				F202CA772187DEAE00A2490F /* HomeViewController.swift */,
			);
			path = "Home Controller";
			sourceTree = "<group>";
		};
		F24086BD2194E981007991A1 /* Assets and Storage */ = {
			isa = PBXGroup;
			children = (
				F202CA7F2187DEAE00A2490F /* Assets.xcassets */,
				F202CA7C2187DEAE00A2490F /* Lighthouse.xcdatamodeld */,
			);
			path = "Assets and Storage";
			sourceTree = "<group>";
		};
		F24086BE2194E98C007991A1 /* App Delegate */ = {
			isa = PBXGroup;
			children = (
				F202CA752187DEAE00A2490F /* AppDelegate.swift */,
			);
			path = "App Delegate";
			sourceTree = "<group>";
		};
		F2741B6F21ADE4B50022DB24 /* Contact Controllers */ = {
			isa = PBXGroup;
			children = (
				F2741B7021ADE4EA0022DB24 /* ContactViewController.swift */,
			);
			path = "Contact Controllers";
			sourceTree = "<group>";
		};
		F2741B7A21AF4D1E0022DB24 /* Stats Controllers */ = {
			isa = PBXGroup;
			children = (
				F2741B7B21AF4D480022DB24 /* MonthGraphViewController.swift */,
				F2741B7D21AF4D620022DB24 /* DurationGraphViewController.swift */,
				F2741B7F21AF4D710022DB24 /* StartTimeGraphViewController.swift */,
				F2741B8121AF4D8B0022DB24 /* LocationMapViewController.swift */,
			);
			path = "Stats Controllers";
			sourceTree = "<group>";
		};
		F29DE79F218CEF6D00F16F5A /* Attack Controllers */ = {
			isa = PBXGroup;
			children = (
				F29DE7A3218CF03800F16F5A /* FocusSupportViewController.swift */,
				F29DE7A5218CF0C000F16F5A /* TrackButtonsViewController.swift */,
				F2741B6D21ADA5ED0022DB24 /* SupportViewController.swift */,
			);
			path = "Attack Controllers";
			sourceTree = "<group>";
		};
		F29DE7A9218CF28100F16F5A /* Log Controllers */ = {
			isa = PBXGroup;
			children = (
				F2741B7A21AF4D1E0022DB24 /* Stats Controllers */,
				F29DE7AA218CF2A000F16F5A /* LogViewController.swift */,
				F24086BF2194EC80007991A1 /* LogListTableViewController.swift */,
				F29DE7AE218CF2DE00F16F5A /* EntryViewController.swift */,
				F2741B7821AF348E0022DB24 /* StatsPageViewController.swift */,
			);
			path = "Log Controllers";
			sourceTree = "<group>";
		};
		F29DE7B4218E4FF100F16F5A /* Models */ = {
			isa = PBXGroup;
			children = (
				F29DE7B5218E502000F16F5A /* Entry.swift */,
				F29DE7B9218E904400F16F5A /* Location.swift */,
				F2BC848D21AC74C200F05B97 /* Datapoint.swift */,
				F2741B7621AE628E0022DB24 /* Contact.swift */,
			);
			path = Models;
			sourceTree = "<group>";
		};
/* End PBXGroup section */

/* Begin PBXNativeTarget section */
		F202CA712187DEAE00A2490F /* Lighthouse */ = {
			isa = PBXNativeTarget;
			buildConfigurationList = F202CA9D2187DEAE00A2490F /* Build configuration list for PBXNativeTarget "Lighthouse" */;
			buildPhases = (
				5CE249ACB203EE0AEA13EB02 /* [CP] Check Pods Manifest.lock */,
				F202CA6E2187DEAE00A2490F /* Sources */,
				F202CA6F2187DEAE00A2490F /* Frameworks */,
				F202CA702187DEAE00A2490F /* Resources */,
				0D76293D8715FC063BA02E85 /* [CP] Embed Pods Frameworks */,
			);
			buildRules = (
			);
			dependencies = (
			);
			name = Lighthouse;
			productName = Lighthouse;
			productReference = F202CA722187DEAE00A2490F /* Lighthouse.app */;
			productType = "com.apple.product-type.application";
		};
		F202CA882187DEAE00A2490F /* LighthouseTests */ = {
			isa = PBXNativeTarget;
			buildConfigurationList = F202CAA02187DEAE00A2490F /* Build configuration list for PBXNativeTarget "LighthouseTests" */;
			buildPhases = (
				46BE51B819B245C6C55AB452 /* [CP] Check Pods Manifest.lock */,
				F202CA852187DEAE00A2490F /* Sources */,
				F202CA862187DEAE00A2490F /* Frameworks */,
				F202CA872187DEAE00A2490F /* Resources */,
				66CFA6819C38FE68C7966028 /* [CP] Embed Pods Frameworks */,
			);
			buildRules = (
			);
			dependencies = (
				F202CA8B2187DEAE00A2490F /* PBXTargetDependency */,
			);
			name = LighthouseTests;
			productName = LighthouseTests;
			productReference = F202CA892187DEAE00A2490F /* LighthouseTests.xctest */;
			productType = "com.apple.product-type.bundle.unit-test";
		};
		F202CA932187DEAE00A2490F /* LighthouseUITests */ = {
			isa = PBXNativeTarget;
			buildConfigurationList = F202CAA32187DEAE00A2490F /* Build configuration list for PBXNativeTarget "LighthouseUITests" */;
			buildPhases = (
				7BFDC09AAA2E79D62A4CA9A9 /* [CP] Check Pods Manifest.lock */,
				F202CA902187DEAE00A2490F /* Sources */,
				F202CA912187DEAE00A2490F /* Frameworks */,
				F202CA922187DEAE00A2490F /* Resources */,
			);
			buildRules = (
			);
			dependencies = (
				F202CA962187DEAE00A2490F /* PBXTargetDependency */,
			);
			name = LighthouseUITests;
			productName = LighthouseUITests;
			productReference = F202CA942187DEAE00A2490F /* LighthouseUITests.xctest */;
			productType = "com.apple.product-type.bundle.ui-testing";
		};
/* End PBXNativeTarget section */

/* Begin PBXProject section */
		F202CA6A2187DEAE00A2490F /* Project object */ = {
			isa = PBXProject;
			attributes = {
				LastSwiftUpdateCheck = 0920;
				LastUpgradeCheck = 1010;
				ORGANIZATIONNAME = "Alina Yu";
				TargetAttributes = {
					F202CA712187DEAE00A2490F = {
						CreatedOnToolsVersion = 9.2;
						ProvisioningStyle = Automatic;
					};
					F202CA882187DEAE00A2490F = {
						CreatedOnToolsVersion = 9.2;
						ProvisioningStyle = Automatic;
						TestTargetID = F202CA712187DEAE00A2490F;
					};
					F202CA932187DEAE00A2490F = {
						CreatedOnToolsVersion = 9.2;
						ProvisioningStyle = Automatic;
						TestTargetID = F202CA712187DEAE00A2490F;
					};
				};
			};
			buildConfigurationList = F202CA6D2187DEAE00A2490F /* Build configuration list for PBXProject "Lighthouse" */;
			compatibilityVersion = "Xcode 8.0";
			developmentRegion = en;
			hasScannedForEncodings = 0;
			knownRegions = (
				en,
				Base,
			);
			mainGroup = F202CA692187DEAE00A2490F;
			productRefGroup = F202CA732187DEAE00A2490F /* Products */;
			projectDirPath = "";
			projectRoot = "";
			targets = (
				F202CA712187DEAE00A2490F /* Lighthouse */,
				F202CA882187DEAE00A2490F /* LighthouseTests */,
				F202CA932187DEAE00A2490F /* LighthouseUITests */,
			);
		};
/* End PBXProject section */

/* Begin PBXResourcesBuildPhase section */
		F202CA702187DEAE00A2490F /* Resources */ = {
			isa = PBXResourcesBuildPhase;
			buildActionMask = 2147483647;
			files = (
				F202CA832187DEAE00A2490F /* LaunchScreen.storyboard in Resources */,
				F24086C42194ED81007991A1 /* LogListViewCell.xib in Resources */,
				F202CA802187DEAE00A2490F /* Assets.xcassets in Resources */,
				F202CA7B2187DEAE00A2490F /* Main.storyboard in Resources */,
			);
			runOnlyForDeploymentPostprocessing = 0;
		};
		F202CA872187DEAE00A2490F /* Resources */ = {
			isa = PBXResourcesBuildPhase;
			buildActionMask = 2147483647;
			files = (
			);
			runOnlyForDeploymentPostprocessing = 0;
		};
		F202CA922187DEAE00A2490F /* Resources */ = {
			isa = PBXResourcesBuildPhase;
			buildActionMask = 2147483647;
			files = (
			);
			runOnlyForDeploymentPostprocessing = 0;
		};
/* End PBXResourcesBuildPhase section */

/* Begin PBXShellScriptBuildPhase section */
		0D76293D8715FC063BA02E85 /* [CP] Embed Pods Frameworks */ = {
			isa = PBXShellScriptBuildPhase;
			buildActionMask = 2147483647;
			files = (
			);
			inputFileListPaths = (
			);
			inputPaths = (
				"${SRCROOT}/Pods/Target Support Files/Pods-Lighthouse/Pods-Lighthouse-frameworks.sh",
				"${BUILT_PRODUCTS_DIR}/Charts/Charts.framework",
				"${BUILT_PRODUCTS_DIR}/Pastel/Pastel.framework",
				"${BUILT_PRODUCTS_DIR}/paper-onboarding/paper_onboarding.framework",
			);
			name = "[CP] Embed Pods Frameworks";
			outputFileListPaths = (
			);
			outputPaths = (
				"${TARGET_BUILD_DIR}/${FRAMEWORKS_FOLDER_PATH}/Charts.framework",
				"${TARGET_BUILD_DIR}/${FRAMEWORKS_FOLDER_PATH}/Pastel.framework",
				"${TARGET_BUILD_DIR}/${FRAMEWORKS_FOLDER_PATH}/paper_onboarding.framework",
			);
			runOnlyForDeploymentPostprocessing = 0;
			shellPath = /bin/sh;
			shellScript = "\"${SRCROOT}/Pods/Target Support Files/Pods-Lighthouse/Pods-Lighthouse-frameworks.sh\"\n";
			showEnvVarsInLog = 0;
		};
		46BE51B819B245C6C55AB452 /* [CP] Check Pods Manifest.lock */ = {
			isa = PBXShellScriptBuildPhase;
			buildActionMask = 2147483647;
			files = (
			);
			inputFileListPaths = (
			);
			inputPaths = (
				"${PODS_PODFILE_DIR_PATH}/Podfile.lock",
				"${PODS_ROOT}/Manifest.lock",
			);
			name = "[CP] Check Pods Manifest.lock";
			outputFileListPaths = (
			);
			outputPaths = (
				"$(DERIVED_FILE_DIR)/Pods-LighthouseTests-checkManifestLockResult.txt",
			);
			runOnlyForDeploymentPostprocessing = 0;
			shellPath = /bin/sh;
			shellScript = "diff \"${PODS_PODFILE_DIR_PATH}/Podfile.lock\" \"${PODS_ROOT}/Manifest.lock\" > /dev/null\nif [ $? != 0 ] ; then\n    # print error to STDERR\n    echo \"error: The sandbox is not in sync with the Podfile.lock. Run 'pod install' or update your CocoaPods installation.\" >&2\n    exit 1\nfi\n# This output is used by Xcode 'outputs' to avoid re-running this script phase.\necho \"SUCCESS\" > \"${SCRIPT_OUTPUT_FILE_0}\"\n";
			showEnvVarsInLog = 0;
		};
		5CE249ACB203EE0AEA13EB02 /* [CP] Check Pods Manifest.lock */ = {
			isa = PBXShellScriptBuildPhase;
			buildActionMask = 2147483647;
			files = (
			);
			inputFileListPaths = (
			);
			inputPaths = (
				"${PODS_PODFILE_DIR_PATH}/Podfile.lock",
				"${PODS_ROOT}/Manifest.lock",
			);
			name = "[CP] Check Pods Manifest.lock";
			outputFileListPaths = (
			);
			outputPaths = (
				"$(DERIVED_FILE_DIR)/Pods-Lighthouse-checkManifestLockResult.txt",
			);
			runOnlyForDeploymentPostprocessing = 0;
			shellPath = /bin/sh;
			shellScript = "diff \"${PODS_PODFILE_DIR_PATH}/Podfile.lock\" \"${PODS_ROOT}/Manifest.lock\" > /dev/null\nif [ $? != 0 ] ; then\n    # print error to STDERR\n    echo \"error: The sandbox is not in sync with the Podfile.lock. Run 'pod install' or update your CocoaPods installation.\" >&2\n    exit 1\nfi\n# This output is used by Xcode 'outputs' to avoid re-running this script phase.\necho \"SUCCESS\" > \"${SCRIPT_OUTPUT_FILE_0}\"\n";
			showEnvVarsInLog = 0;
		};
		66CFA6819C38FE68C7966028 /* [CP] Embed Pods Frameworks */ = {
			isa = PBXShellScriptBuildPhase;
			buildActionMask = 2147483647;
			files = (
			);
			inputFileListPaths = (
			);
			inputPaths = (
				"${SRCROOT}/Pods/Target Support Files/Pods-LighthouseTests/Pods-LighthouseTests-frameworks.sh",
				"${BUILT_PRODUCTS_DIR}/Charts/Charts.framework",
			);
			name = "[CP] Embed Pods Frameworks";
			outputFileListPaths = (
			);
			outputPaths = (
				"${TARGET_BUILD_DIR}/${FRAMEWORKS_FOLDER_PATH}/Charts.framework",
			);
			runOnlyForDeploymentPostprocessing = 0;
			shellPath = /bin/sh;
			shellScript = "\"${SRCROOT}/Pods/Target Support Files/Pods-LighthouseTests/Pods-LighthouseTests-frameworks.sh\"\n";
			showEnvVarsInLog = 0;
		};
		7BFDC09AAA2E79D62A4CA9A9 /* [CP] Check Pods Manifest.lock */ = {
			isa = PBXShellScriptBuildPhase;
			buildActionMask = 2147483647;
			files = (
			);
			inputFileListPaths = (
			);
			inputPaths = (
				"${PODS_PODFILE_DIR_PATH}/Podfile.lock",
				"${PODS_ROOT}/Manifest.lock",
			);
			name = "[CP] Check Pods Manifest.lock";
			outputFileListPaths = (
			);
			outputPaths = (
				"$(DERIVED_FILE_DIR)/Pods-LighthouseUITests-checkManifestLockResult.txt",
			);
			runOnlyForDeploymentPostprocessing = 0;
			shellPath = /bin/sh;
			shellScript = "diff \"${PODS_PODFILE_DIR_PATH}/Podfile.lock\" \"${PODS_ROOT}/Manifest.lock\" > /dev/null\nif [ $? != 0 ] ; then\n    # print error to STDERR\n    echo \"error: The sandbox is not in sync with the Podfile.lock. Run 'pod install' or update your CocoaPods installation.\" >&2\n    exit 1\nfi\n# This output is used by Xcode 'outputs' to avoid re-running this script phase.\necho \"SUCCESS\" > \"${SCRIPT_OUTPUT_FILE_0}\"\n";
			showEnvVarsInLog = 0;
		};
/* End PBXShellScriptBuildPhase section */

/* Begin PBXSourcesBuildPhase section */
		F202CA6E2187DEAE00A2490F /* Sources */ = {
			isa = PBXSourcesBuildPhase;
			buildActionMask = 2147483647;
			files = (
				F29DE7B6218E502000F16F5A /* Entry.swift in Sources */,
				F29DE7A6218CF0C000F16F5A /* TrackButtonsViewController.swift in Sources */,
				46D3D9CD21AC81D20021528E /* Images.swift in Sources */,
				F202CA7E2187DEAE00A2490F /* Lighthouse.xcdatamodeld in Sources */,
				46D3D9C921ABA4240021528E /* DemoViewClass.swift in Sources */,
				F2741B7721AE628E0022DB24 /* Contact.swift in Sources */,
				F202CA782187DEAE00A2490F /* HomeViewController.swift in Sources */,
				F29DE7BA218E904400F16F5A /* Location.swift in Sources */,
				F2741B7921AF348E0022DB24 /* StatsPageViewController.swift in Sources */,
				F29DE7A4218CF03800F16F5A /* FocusSupportViewController.swift in Sources */,
				F2741B7121ADE4EA0022DB24 /* ContactViewController.swift in Sources */,
				F2BC848E21AC74C200F05B97 /* Datapoint.swift in Sources */,
				F29DE7AF218CF2DE00F16F5A /* EntryViewController.swift in Sources */,
				F24086C02194EC80007991A1 /* LogListTableViewController.swift in Sources */,
				46D3D9C721AB9F300021528E /* DemoViewController.swift in Sources */,
				F202CA762187DEAE00A2490F /* AppDelegate.swift in Sources */,
				F2741B7C21AF4D480022DB24 /* MonthGraphViewController.swift in Sources */,
				F29DE7AB218CF2A000F16F5A /* LogViewController.swift in Sources */,
				F2741B7E21AF4D620022DB24 /* DurationGraphViewController.swift in Sources */,
				F2741B8021AF4D710022DB24 /* StartTimeGraphViewController.swift in Sources */,
				F2741B6E21ADA5ED0022DB24 /* SupportViewController.swift in Sources */,
				F2741B8221AF4D8B0022DB24 /* LocationMapViewController.swift in Sources */,
				F24086C32194ED81007991A1 /* LogListViewCell.swift in Sources */,
			);
			runOnlyForDeploymentPostprocessing = 0;
		};
		F202CA852187DEAE00A2490F /* Sources */ = {
			isa = PBXSourcesBuildPhase;
			buildActionMask = 2147483647;
			files = (
				F202CA8E2187DEAE00A2490F /* LighthouseTests.swift in Sources */,
				464B8DC42195C2FB0024ECB2 /* FocusSupportViewControllerTests.swift in Sources */,
				464B8DBC2195B5EB0024ECB2 /* HomeViewControllerTests.swift in Sources */,
				464B8DC62195C3780024ECB2 /* TrackButtonsViewControllerTests.swift in Sources */,
				4621AB4F21B1B71B00E38022 /* ContactTests.swift in Sources */,
				464B8DCA2195E9DB0024ECB2 /* EntryTests.swift in Sources */,
				464B8DBE2195BEA00024ECB2 /* EntryViewControllerTests.swift in Sources */,
				464B8DC02195C1C60024ECB2 /* LogViewControllerTests.swift in Sources */,
				4621AB5121B1BB0900E38022 /* DatapointTests.swift in Sources */,
			);
			runOnlyForDeploymentPostprocessing = 0;
		};
		F202CA902187DEAE00A2490F /* Sources */ = {
			isa = PBXSourcesBuildPhase;
			buildActionMask = 2147483647;
			files = (
				F202CA992187DEAE00A2490F /* LighthouseUITests.swift in Sources */,
			);
			runOnlyForDeploymentPostprocessing = 0;
		};
/* End PBXSourcesBuildPhase section */

/* Begin PBXTargetDependency section */
		F202CA8B2187DEAE00A2490F /* PBXTargetDependency */ = {
			isa = PBXTargetDependency;
			target = F202CA712187DEAE00A2490F /* Lighthouse */;
			targetProxy = F202CA8A2187DEAE00A2490F /* PBXContainerItemProxy */;
		};
		F202CA962187DEAE00A2490F /* PBXTargetDependency */ = {
			isa = PBXTargetDependency;
			target = F202CA712187DEAE00A2490F /* Lighthouse */;
			targetProxy = F202CA952187DEAE00A2490F /* PBXContainerItemProxy */;
		};
/* End PBXTargetDependency section */

/* Begin PBXVariantGroup section */
		F202CA792187DEAE00A2490F /* Main.storyboard */ = {
			isa = PBXVariantGroup;
			children = (
				F202CA7A2187DEAE00A2490F /* Base */,
			);
			name = Main.storyboard;
			sourceTree = "<group>";
		};
		F202CA812187DEAE00A2490F /* LaunchScreen.storyboard */ = {
			isa = PBXVariantGroup;
			children = (
				F202CA822187DEAE00A2490F /* Base */,
			);
			name = LaunchScreen.storyboard;
			sourceTree = "<group>";
		};
/* End PBXVariantGroup section */

/* Begin XCBuildConfiguration section */
		F202CA9B2187DEAE00A2490F /* Debug */ = {
			isa = XCBuildConfiguration;
			buildSettings = {
				ALWAYS_SEARCH_USER_PATHS = NO;
				CLANG_ANALYZER_NONNULL = YES;
				CLANG_ANALYZER_NUMBER_OBJECT_CONVERSION = YES_AGGRESSIVE;
				CLANG_CXX_LANGUAGE_STANDARD = "gnu++14";
				CLANG_CXX_LIBRARY = "libc++";
				CLANG_ENABLE_MODULES = YES;
				CLANG_ENABLE_OBJC_ARC = YES;
				CLANG_WARN_BLOCK_CAPTURE_AUTORELEASING = YES;
				CLANG_WARN_BOOL_CONVERSION = YES;
				CLANG_WARN_COMMA = YES;
				CLANG_WARN_CONSTANT_CONVERSION = YES;
				CLANG_WARN_DEPRECATED_OBJC_IMPLEMENTATIONS = YES;
				CLANG_WARN_DIRECT_OBJC_ISA_USAGE = YES_ERROR;
				CLANG_WARN_DOCUMENTATION_COMMENTS = YES;
				CLANG_WARN_EMPTY_BODY = YES;
				CLANG_WARN_ENUM_CONVERSION = YES;
				CLANG_WARN_INFINITE_RECURSION = YES;
				CLANG_WARN_INT_CONVERSION = YES;
				CLANG_WARN_NON_LITERAL_NULL_CONVERSION = YES;
				CLANG_WARN_OBJC_IMPLICIT_RETAIN_SELF = YES;
				CLANG_WARN_OBJC_LITERAL_CONVERSION = YES;
				CLANG_WARN_OBJC_ROOT_CLASS = YES_ERROR;
				CLANG_WARN_RANGE_LOOP_ANALYSIS = YES;
				CLANG_WARN_STRICT_PROTOTYPES = YES;
				CLANG_WARN_SUSPICIOUS_MOVE = YES;
				CLANG_WARN_UNGUARDED_AVAILABILITY = YES_AGGRESSIVE;
				CLANG_WARN_UNREACHABLE_CODE = YES;
				CLANG_WARN__DUPLICATE_METHOD_MATCH = YES;
				CODE_SIGN_IDENTITY = "iPhone Developer";
				COPY_PHASE_STRIP = NO;
				DEBUG_INFORMATION_FORMAT = dwarf;
				ENABLE_STRICT_OBJC_MSGSEND = YES;
				ENABLE_TESTABILITY = YES;
				GCC_C_LANGUAGE_STANDARD = gnu11;
				GCC_DYNAMIC_NO_PIC = NO;
				GCC_NO_COMMON_BLOCKS = YES;
				GCC_OPTIMIZATION_LEVEL = 0;
				GCC_PREPROCESSOR_DEFINITIONS = (
					"DEBUG=1",
					"$(inherited)",
				);
				GCC_WARN_64_TO_32_BIT_CONVERSION = YES;
				GCC_WARN_ABOUT_RETURN_TYPE = YES_ERROR;
				GCC_WARN_UNDECLARED_SELECTOR = YES;
				GCC_WARN_UNINITIALIZED_AUTOS = YES_AGGRESSIVE;
				GCC_WARN_UNUSED_FUNCTION = YES;
				GCC_WARN_UNUSED_VARIABLE = YES;
				IPHONEOS_DEPLOYMENT_TARGET = 11.2;
				MTL_ENABLE_DEBUG_INFO = YES;
				ONLY_ACTIVE_ARCH = YES;
				SDKROOT = iphoneos;
				SWIFT_ACTIVE_COMPILATION_CONDITIONS = DEBUG;
				SWIFT_OPTIMIZATION_LEVEL = "-Onone";
			};
			name = Debug;
		};
		F202CA9C2187DEAE00A2490F /* Release */ = {
			isa = XCBuildConfiguration;
			buildSettings = {
				ALWAYS_SEARCH_USER_PATHS = NO;
				CLANG_ANALYZER_NONNULL = YES;
				CLANG_ANALYZER_NUMBER_OBJECT_CONVERSION = YES_AGGRESSIVE;
				CLANG_CXX_LANGUAGE_STANDARD = "gnu++14";
				CLANG_CXX_LIBRARY = "libc++";
				CLANG_ENABLE_MODULES = YES;
				CLANG_ENABLE_OBJC_ARC = YES;
				CLANG_WARN_BLOCK_CAPTURE_AUTORELEASING = YES;
				CLANG_WARN_BOOL_CONVERSION = YES;
				CLANG_WARN_COMMA = YES;
				CLANG_WARN_CONSTANT_CONVERSION = YES;
				CLANG_WARN_DEPRECATED_OBJC_IMPLEMENTATIONS = YES;
				CLANG_WARN_DIRECT_OBJC_ISA_USAGE = YES_ERROR;
				CLANG_WARN_DOCUMENTATION_COMMENTS = YES;
				CLANG_WARN_EMPTY_BODY = YES;
				CLANG_WARN_ENUM_CONVERSION = YES;
				CLANG_WARN_INFINITE_RECURSION = YES;
				CLANG_WARN_INT_CONVERSION = YES;
				CLANG_WARN_NON_LITERAL_NULL_CONVERSION = YES;
				CLANG_WARN_OBJC_IMPLICIT_RETAIN_SELF = YES;
				CLANG_WARN_OBJC_LITERAL_CONVERSION = YES;
				CLANG_WARN_OBJC_ROOT_CLASS = YES_ERROR;
				CLANG_WARN_RANGE_LOOP_ANALYSIS = YES;
				CLANG_WARN_STRICT_PROTOTYPES = YES;
				CLANG_WARN_SUSPICIOUS_MOVE = YES;
				CLANG_WARN_UNGUARDED_AVAILABILITY = YES_AGGRESSIVE;
				CLANG_WARN_UNREACHABLE_CODE = YES;
				CLANG_WARN__DUPLICATE_METHOD_MATCH = YES;
				CODE_SIGN_IDENTITY = "iPhone Developer";
				COPY_PHASE_STRIP = NO;
				DEBUG_INFORMATION_FORMAT = "dwarf-with-dsym";
				ENABLE_NS_ASSERTIONS = NO;
				ENABLE_STRICT_OBJC_MSGSEND = YES;
				GCC_C_LANGUAGE_STANDARD = gnu11;
				GCC_NO_COMMON_BLOCKS = YES;
				GCC_WARN_64_TO_32_BIT_CONVERSION = YES;
				GCC_WARN_ABOUT_RETURN_TYPE = YES_ERROR;
				GCC_WARN_UNDECLARED_SELECTOR = YES;
				GCC_WARN_UNINITIALIZED_AUTOS = YES_AGGRESSIVE;
				GCC_WARN_UNUSED_FUNCTION = YES;
				GCC_WARN_UNUSED_VARIABLE = YES;
				IPHONEOS_DEPLOYMENT_TARGET = 11.2;
				MTL_ENABLE_DEBUG_INFO = NO;
				SDKROOT = iphoneos;
				SWIFT_OPTIMIZATION_LEVEL = "-Owholemodule";
				VALIDATE_PRODUCT = YES;
			};
			name = Release;
		};
		F202CA9E2187DEAE00A2490F /* Debug */ = {
			isa = XCBuildConfiguration;
			baseConfigurationReference = 7F2E53740985B435EBAF78FA /* Pods-Lighthouse.debug.xcconfig */;
			buildSettings = {
				ASSETCATALOG_COMPILER_APPICON_NAME = AppIcon;
				CODE_SIGN_STYLE = Automatic;
				DEVELOPMENT_TEAM = "";
				INFOPLIST_FILE = Lighthouse/Info.plist;
				LD_RUNPATH_SEARCH_PATHS = "$(inherited) @executable_path/Frameworks";
				PRODUCT_BUNDLE_IDENTIFIER = "Alina-Yu.Lighthouse";
				PRODUCT_NAME = "$(TARGET_NAME)";
				SWIFT_VERSION = 4.0;
				TARGETED_DEVICE_FAMILY = "1,2";
			};
			name = Debug;
		};
		F202CA9F2187DEAE00A2490F /* Release */ = {
			isa = XCBuildConfiguration;
			baseConfigurationReference = B59E99E4F9069DCFB3F29DE0 /* Pods-Lighthouse.release.xcconfig */;
			buildSettings = {
				ASSETCATALOG_COMPILER_APPICON_NAME = AppIcon;
				CODE_SIGN_STYLE = Automatic;
				DEVELOPMENT_TEAM = "";
				INFOPLIST_FILE = Lighthouse/Info.plist;
				LD_RUNPATH_SEARCH_PATHS = "$(inherited) @executable_path/Frameworks";
				PRODUCT_BUNDLE_IDENTIFIER = "Alina-Yu.Lighthouse";
				PRODUCT_NAME = "$(TARGET_NAME)";
				SWIFT_VERSION = 4.0;
				TARGETED_DEVICE_FAMILY = "1,2";
			};
			name = Release;
		};
		F202CAA12187DEAE00A2490F /* Debug */ = {
			isa = XCBuildConfiguration;
			baseConfigurationReference = 1FB0DB51DCEE681638DAA0D7 /* Pods-LighthouseTests.debug.xcconfig */;
			buildSettings = {
				ALWAYS_EMBED_SWIFT_STANDARD_LIBRARIES = YES;
				BUNDLE_LOADER = "$(TEST_HOST)";
				CODE_SIGN_STYLE = Automatic;
				DEVELOPMENT_TEAM = 78W99T5745;
				INFOPLIST_FILE = LighthouseTests/Info.plist;
				LD_RUNPATH_SEARCH_PATHS = "$(inherited) @executable_path/Frameworks @loader_path/Frameworks";
				PRODUCT_BUNDLE_IDENTIFIER = "Alina-Yu.LighthouseTests";
				PRODUCT_NAME = "$(TARGET_NAME)";
				SWIFT_VERSION = 4.0;
				TARGETED_DEVICE_FAMILY = "1,2";
				TEST_HOST = "$(BUILT_PRODUCTS_DIR)/Lighthouse.app/Lighthouse";
			};
			name = Debug;
		};
		F202CAA22187DEAE00A2490F /* Release */ = {
			isa = XCBuildConfiguration;
			baseConfigurationReference = 7AA4C3E55A22A4E79ABA0394 /* Pods-LighthouseTests.release.xcconfig */;
			buildSettings = {
				ALWAYS_EMBED_SWIFT_STANDARD_LIBRARIES = YES;
				BUNDLE_LOADER = "$(TEST_HOST)";
				CODE_SIGN_STYLE = Automatic;
				DEVELOPMENT_TEAM = 78W99T5745;
				INFOPLIST_FILE = LighthouseTests/Info.plist;
				LD_RUNPATH_SEARCH_PATHS = "$(inherited) @executable_path/Frameworks @loader_path/Frameworks";
				PRODUCT_BUNDLE_IDENTIFIER = "Alina-Yu.LighthouseTests";
				PRODUCT_NAME = "$(TARGET_NAME)";
				SWIFT_VERSION = 4.0;
				TARGETED_DEVICE_FAMILY = "1,2";
				TEST_HOST = "$(BUILT_PRODUCTS_DIR)/Lighthouse.app/Lighthouse";
			};
			name = Release;
		};
		F202CAA42187DEAE00A2490F /* Debug */ = {
			isa = XCBuildConfiguration;
			baseConfigurationReference = 84373DC6A91CB038BBBD5614 /* Pods-LighthouseUITests.debug.xcconfig */;
			buildSettings = {
				ALWAYS_EMBED_SWIFT_STANDARD_LIBRARIES = YES;
				CODE_SIGN_STYLE = Automatic;
				DEVELOPMENT_TEAM = 78W99T5745;
				INFOPLIST_FILE = LighthouseUITests/Info.plist;
				LD_RUNPATH_SEARCH_PATHS = "$(inherited) @executable_path/Frameworks @loader_path/Frameworks";
				PRODUCT_BUNDLE_IDENTIFIER = "Alina-Yu.LighthouseUITests";
				PRODUCT_NAME = "$(TARGET_NAME)";
				SWIFT_VERSION = 4.0;
				TARGETED_DEVICE_FAMILY = "1,2";
				TEST_TARGET_NAME = Lighthouse;
			};
			name = Debug;
		};
		F202CAA52187DEAE00A2490F /* Release */ = {
			isa = XCBuildConfiguration;
			baseConfigurationReference = 58BF41C51CBD3E549A66E40C /* Pods-LighthouseUITests.release.xcconfig */;
			buildSettings = {
				ALWAYS_EMBED_SWIFT_STANDARD_LIBRARIES = YES;
				CODE_SIGN_STYLE = Automatic;
				DEVELOPMENT_TEAM = 78W99T5745;
				INFOPLIST_FILE = LighthouseUITests/Info.plist;
				LD_RUNPATH_SEARCH_PATHS = "$(inherited) @executable_path/Frameworks @loader_path/Frameworks";
				PRODUCT_BUNDLE_IDENTIFIER = "Alina-Yu.LighthouseUITests";
				PRODUCT_NAME = "$(TARGET_NAME)";
				SWIFT_VERSION = 4.0;
				TARGETED_DEVICE_FAMILY = "1,2";
				TEST_TARGET_NAME = Lighthouse;
			};
			name = Release;
		};
/* End XCBuildConfiguration section */

/* Begin XCConfigurationList section */
		F202CA6D2187DEAE00A2490F /* Build configuration list for PBXProject "Lighthouse" */ = {
			isa = XCConfigurationList;
			buildConfigurations = (
				F202CA9B2187DEAE00A2490F /* Debug */,
				F202CA9C2187DEAE00A2490F /* Release */,
			);
			defaultConfigurationIsVisible = 0;
			defaultConfigurationName = Release;
		};
		F202CA9D2187DEAE00A2490F /* Build configuration list for PBXNativeTarget "Lighthouse" */ = {
			isa = XCConfigurationList;
			buildConfigurations = (
				F202CA9E2187DEAE00A2490F /* Debug */,
				F202CA9F2187DEAE00A2490F /* Release */,
			);
			defaultConfigurationIsVisible = 0;
			defaultConfigurationName = Release;
		};
		F202CAA02187DEAE00A2490F /* Build configuration list for PBXNativeTarget "LighthouseTests" */ = {
			isa = XCConfigurationList;
			buildConfigurations = (
				F202CAA12187DEAE00A2490F /* Debug */,
				F202CAA22187DEAE00A2490F /* Release */,
			);
			defaultConfigurationIsVisible = 0;
			defaultConfigurationName = Release;
		};
		F202CAA32187DEAE00A2490F /* Build configuration list for PBXNativeTarget "LighthouseUITests" */ = {
			isa = XCConfigurationList;
			buildConfigurations = (
				F202CAA42187DEAE00A2490F /* Debug */,
				F202CAA52187DEAE00A2490F /* Release */,
			);
			defaultConfigurationIsVisible = 0;
			defaultConfigurationName = Release;
		};
/* End XCConfigurationList section */

/* Begin XCVersionGroup section */
		F202CA7C2187DEAE00A2490F /* Lighthouse.xcdatamodeld */ = {
			isa = XCVersionGroup;
			children = (
				F202CA7D2187DEAE00A2490F /* Lighthouse.xcdatamodel */,
			);
			currentVersion = F202CA7D2187DEAE00A2490F /* Lighthouse.xcdatamodel */;
			path = Lighthouse.xcdatamodeld;
			sourceTree = "<group>";
			versionGroupType = wrapper.xcdatamodel;
		};
/* End XCVersionGroup section */
	};
	rootObject = F202CA6A2187DEAE00A2490F /* Project object */;
}
